
Microsoft Visual Studio Solution File, Format Version 12.00
# Visual Studio Version 17
VisualStudioVersion = 17.0.31903.59
MinimumVisualStudioVersion = 10.0.40219.1
Project("{2150E333-8FDC-42A3-9474-1A3956D46DE8}") = "src", "src", "{25600B1C-BB18-43C1-8F49-6A6E1F3D6A0E}"
EndProject
Project("{FAE04EC0-301F-11D3-BF4B-00C04F79EFBC}") = "Common.DTO", "src\Common.DTO\Common.DTO.csproj", "{C67FE04A-5E85-4A36-AF00-46AC3A456ECC}"
EndProject
Project("{FAE04EC0-301F-11D3-BF4B-00C04F79EFBC}") = "Common.Messaging", "src\Common.Messaging\Common.Messaging.csproj", "{A28C5B70-550D-4338-AEF4-8FD1534B0D3B}"
EndProject
Project("{FAE04EC0-301F-11D3-BF4B-00C04F79EFBC}") = "Common.Utils", "src\Common.Utils\Common.Utils.csproj", "{C8EDD982-C515-4EE4-9ADD-FD33C8CE5F8C}"
EndProject
Project("{FAE04EC0-301F-11D3-BF4B-00C04F79EFBC}") = "Gateway.Api", "src\Gateway.Api\Gateway.Api.csproj", "{15E53CC7-91A3-4C71-BCE2-961A411B2900}"
EndProject
Project("{FAE04EC0-301F-11D3-BF4B-00C04F79EFBC}") = "Status.Api", "src\Status.Api\Status.Api.csproj", "{87171372-695B-482D-8CAA-403E351F79F2}"
EndProject
Project("{FAE04EC0-301F-11D3-BF4B-00C04F79EFBC}") = "Router.Service", "src\Router.Service\Router.Service.csproj", "{3785B716-013D-4BF7-888F-01D2B52CC31C}"
EndProject
Project("{FAE04EC0-301F-11D3-BF4B-00C04F79EFBC}") = "Email.Service", "src\Email.Service\Email.Service.csproj", "{551CE1BF-61C1-4D8A-906C-48DE9145EA29}"
EndProject
Project("{FAE04EC0-301F-11D3-BF4B-00C04F79EFBC}") = "Sms.Service", "src\Sms.Service\Sms.Service.csproj", "{3942EBF4-F644-4C98-B459-1F19B6376F11}"
EndProject
Project("{FAE04EC0-301F-11D3-BF4B-00C04F79EFBC}") = "Push.Service", "src\Push.Service\Push.Service.csproj", "{5B4A4C7A-5828-4F78-BD8A-E96AA0EA6E71}"
EndProject
Project("{2150E333-8FDC-42A3-9474-1A3956D46DE8}") = "Элементы решения", "Элементы решения", "{61BBC289-DCDE-43AB-8AEF-436DCF472A6E}"
	ProjectSection(SolutionItems) = preProject
		docker-compose.yml = docker-compose.yml
	EndProjectSection
EndProject
Project("{2150E333-8FDC-42A3-9474-1A3956D46DE8}") = "monitoring", "monitoring", "{437A1282-57CC-4D6D-9EC7-1C2A2AB33AFE}"
	ProjectSection(SolutionItems) = preProject
		monitoring\prometheus.yml = monitoring\prometheus.yml
	EndProjectSection
EndProject
Project("{FAE04EC0-301F-11D3-BF4B-00C04F79EFBC}") = "Push.Tester", "src\Push.Tester\Push.Tester.csproj", "{6BDA01A4-DDFE-476B-B58D-0339B36DD8AA}"
EndProject
Global
	GlobalSection(SolutionConfigurationPlatforms) = preSolution
		Debug|Any CPU = Debug|Any CPU
		Debug|x64 = Debug|x64
		Debug|x86 = Debug|x86
		Release|Any CPU = Release|Any CPU
		Release|x64 = Release|x64
		Release|x86 = Release|x86
	EndGlobalSection
	GlobalSection(ProjectConfigurationPlatforms) = postSolution
		{C67FE04A-5E85-4A36-AF00-46AC3A456ECC}.Debug|Any CPU.ActiveCfg = Debug|Any CPU
		{C67FE04A-5E85-4A36-AF00-46AC3A456ECC}.Debug|Any CPU.Build.0 = Debug|Any CPU
		{C67FE04A-5E85-4A36-AF00-46AC3A456ECC}.Debug|x64.ActiveCfg = Debug|Any CPU
		{C67FE04A-5E85-4A36-AF00-46AC3A456ECC}.Debug|x64.Build.0 = Debug|Any CPU
		{C67FE04A-5E85-4A36-AF00-46AC3A456ECC}.Debug|x86.ActiveCfg = Debug|Any CPU
		{C67FE04A-5E85-4A36-AF00-46AC3A456ECC}.Debug|x86.Build.0 = Debug|Any CPU
		{C67FE04A-5E85-4A36-AF00-46AC3A456ECC}.Release|Any CPU.ActiveCfg = Release|Any CPU
		{C67FE04A-5E85-4A36-AF00-46AC3A456ECC}.Release|Any CPU.Build.0 = Release|Any CPU
		{C67FE04A-5E85-4A36-AF00-46AC3A456ECC}.Release|x64.ActiveCfg = Release|Any CPU
		{C67FE04A-5E85-4A36-AF00-46AC3A456ECC}.Release|x64.Build.0 = Release|Any CPU
		{C67FE04A-5E85-4A36-AF00-46AC3A456ECC}.Release|x86.ActiveCfg = Release|Any CPU
		{C67FE04A-5E85-4A36-AF00-46AC3A456ECC}.Release|x86.Build.0 = Release|Any CPU
		{A28C5B70-550D-4338-AEF4-8FD1534B0D3B}.Debug|Any CPU.ActiveCfg = Debug|Any CPU
		{A28C5B70-550D-4338-AEF4-8FD1534B0D3B}.Debug|Any CPU.Build.0 = Debug|Any CPU
		{A28C5B70-550D-4338-AEF4-8FD1534B0D3B}.Debug|x64.ActiveCfg = Debug|Any CPU
		{A28C5B70-550D-4338-AEF4-8FD1534B0D3B}.Debug|x64.Build.0 = Debug|Any CPU
		{A28C5B70-550D-4338-AEF4-8FD1534B0D3B}.Debug|x86.ActiveCfg = Debug|Any CPU
		{A28C5B70-550D-4338-AEF4-8FD1534B0D3B}.Debug|x86.Build.0 = Debug|Any CPU
		{A28C5B70-550D-4338-AEF4-8FD1534B0D3B}.Release|Any CPU.ActiveCfg = Release|Any CPU
		{A28C5B70-550D-4338-AEF4-8FD1534B0D3B}.Release|Any CPU.Build.0 = Release|Any CPU
		{A28C5B70-550D-4338-AEF4-8FD1534B0D3B}.Release|x64.ActiveCfg = Release|Any CPU
		{A28C5B70-550D-4338-AEF4-8FD1534B0D3B}.Release|x64.Build.0 = Release|Any CPU
		{A28C5B70-550D-4338-AEF4-8FD1534B0D3B}.Release|x86.ActiveCfg = Release|Any CPU
		{A28C5B70-550D-4338-AEF4-8FD1534B0D3B}.Release|x86.Build.0 = Release|Any CPU
		{C8EDD982-C515-4EE4-9ADD-FD33C8CE5F8C}.Debug|Any CPU.ActiveCfg = Debug|Any CPU
		{C8EDD982-C515-4EE4-9ADD-FD33C8CE5F8C}.Debug|Any CPU.Build.0 = Debug|Any CPU
		{C8EDD982-C515-4EE4-9ADD-FD33C8CE5F8C}.Debug|x64.ActiveCfg = Debug|Any CPU
		{C8EDD982-C515-4EE4-9ADD-FD33C8CE5F8C}.Debug|x64.Build.0 = Debug|Any CPU
		{C8EDD982-C515-4EE4-9ADD-FD33C8CE5F8C}.Debug|x86.ActiveCfg = Debug|Any CPU
		{C8EDD982-C515-4EE4-9ADD-FD33C8CE5F8C}.Debug|x86.Build.0 = Debug|Any CPU
		{C8EDD982-C515-4EE4-9ADD-FD33C8CE5F8C}.Release|Any CPU.ActiveCfg = Release|Any CPU
		{C8EDD982-C515-4EE4-9ADD-FD33C8CE5F8C}.Release|Any CPU.Build.0 = Release|Any CPU
		{C8EDD982-C515-4EE4-9ADD-FD33C8CE5F8C}.Release|x64.ActiveCfg = Release|Any CPU
		{C8EDD982-C515-4EE4-9ADD-FD33C8CE5F8C}.Release|x64.Build.0 = Release|Any CPU
		{C8EDD982-C515-4EE4-9ADD-FD33C8CE5F8C}.Release|x86.ActiveCfg = Release|Any CPU
		{C8EDD982-C515-4EE4-9ADD-FD33C8CE5F8C}.Release|x86.Build.0 = Release|Any CPU
		{15E53CC7-91A3-4C71-BCE2-961A411B2900}.Debug|Any CPU.ActiveCfg = Debug|Any CPU
		{15E53CC7-91A3-4C71-BCE2-961A411B2900}.Debug|Any CPU.Build.0 = Debug|Any CPU
		{15E53CC7-91A3-4C71-BCE2-961A411B2900}.Debug|x64.ActiveCfg = Debug|Any CPU
		{15E53CC7-91A3-4C71-BCE2-961A411B2900}.Debug|x64.Build.0 = Debug|Any CPU
		{15E53CC7-91A3-4C71-BCE2-961A411B2900}.Debug|x86.ActiveCfg = Debug|Any CPU
		{15E53CC7-91A3-4C71-BCE2-961A411B2900}.Debug|x86.Build.0 = Debug|Any CPU
		{15E53CC7-91A3-4C71-BCE2-961A411B2900}.Release|Any CPU.ActiveCfg = Release|Any CPU
		{15E53CC7-91A3-4C71-BCE2-961A411B2900}.Release|Any CPU.Build.0 = Release|Any CPU
		{15E53CC7-91A3-4C71-BCE2-961A411B2900}.Release|x64.ActiveCfg = Release|Any CPU
		{15E53CC7-91A3-4C71-BCE2-961A411B2900}.Release|x64.Build.0 = Release|Any CPU
		{15E53CC7-91A3-4C71-BCE2-961A411B2900}.Release|x86.ActiveCfg = Release|Any CPU
		{15E53CC7-91A3-4C71-BCE2-961A411B2900}.Release|x86.Build.0 = Release|Any CPU
		{87171372-695B-482D-8CAA-403E351F79F2}.Debug|Any CPU.ActiveCfg = Debug|Any CPU
		{87171372-695B-482D-8CAA-403E351F79F2}.Debug|Any CPU.Build.0 = Debug|Any CPU
		{87171372-695B-482D-8CAA-403E351F79F2}.Debug|x64.ActiveCfg = Debug|Any CPU
		{87171372-695B-482D-8CAA-403E351F79F2}.Debug|x64.Build.0 = Debug|Any CPU
		{87171372-695B-482D-8CAA-403E351F79F2}.Debug|x86.ActiveCfg = Debug|Any CPU
		{87171372-695B-482D-8CAA-403E351F79F2}.Debug|x86.Build.0 = Debug|Any CPU
		{87171372-695B-482D-8CAA-403E351F79F2}.Release|Any CPU.ActiveCfg = Release|Any CPU
		{87171372-695B-482D-8CAA-403E351F79F2}.Release|Any CPU.Build.0 = Release|Any CPU
		{87171372-695B-482D-8CAA-403E351F79F2}.Release|x64.ActiveCfg = Release|Any CPU
		{87171372-695B-482D-8CAA-403E351F79F2}.Release|x64.Build.0 = Release|Any CPU
		{87171372-695B-482D-8CAA-403E351F79F2}.Release|x86.ActiveCfg = Release|Any CPU
		{87171372-695B-482D-8CAA-403E351F79F2}.Release|x86.Build.0 = Release|Any CPU
		{3785B716-013D-4BF7-888F-01D2B52CC31C}.Debug|Any CPU.ActiveCfg = Debug|Any CPU
		{3785B716-013D-4BF7-888F-01D2B52CC31C}.Debug|Any CPU.Build.0 = Debug|Any CPU
		{3785B716-013D-4BF7-888F-01D2B52CC31C}.Debug|x64.ActiveCfg = Debug|Any CPU
		{3785B716-013D-4BF7-888F-01D2B52CC31C}.Debug|x64.Build.0 = Debug|Any CPU
		{3785B716-013D-4BF7-888F-01D2B52CC31C}.Debug|x86.ActiveCfg = Debug|Any CPU
		{3785B716-013D-4BF7-888F-01D2B52CC31C}.Debug|x86.Build.0 = Debug|Any CPU
		{3785B716-013D-4BF7-888F-01D2B52CC31C}.Release|Any CPU.ActiveCfg = Release|Any CPU
		{3785B716-013D-4BF7-888F-01D2B52CC31C}.Release|Any CPU.Build.0 = Release|Any CPU
		{3785B716-013D-4BF7-888F-01D2B52CC31C}.Release|x64.ActiveCfg = Release|Any CPU
		{3785B716-013D-4BF7-888F-01D2B52CC31C}.Release|x64.Build.0 = Release|Any CPU
		{3785B716-013D-4BF7-888F-01D2B52CC31C}.Release|x86.ActiveCfg = Release|Any CPU
		{3785B716-013D-4BF7-888F-01D2B52CC31C}.Release|x86.Build.0 = Release|Any CPU
		{551CE1BF-61C1-4D8A-906C-48DE9145EA29}.Debug|Any CPU.ActiveCfg = Debug|Any CPU
		{551CE1BF-61C1-4D8A-906C-48DE9145EA29}.Debug|Any CPU.Build.0 = Debug|Any CPU
		{551CE1BF-61C1-4D8A-906C-48DE9145EA29}.Debug|x64.ActiveCfg = Debug|Any CPU
		{551CE1BF-61C1-4D8A-906C-48DE9145EA29}.Debug|x64.Build.0 = Debug|Any CPU
		{551CE1BF-61C1-4D8A-906C-48DE9145EA29}.Debug|x86.ActiveCfg = Debug|Any CPU
		{551CE1BF-61C1-4D8A-906C-48DE9145EA29}.Debug|x86.Build.0 = Debug|Any CPU
		{551CE1BF-61C1-4D8A-906C-48DE9145EA29}.Release|Any CPU.ActiveCfg = Release|Any CPU
		{551CE1BF-61C1-4D8A-906C-48DE9145EA29}.Release|Any CPU.Build.0 = Release|Any CPU
		{551CE1BF-61C1-4D8A-906C-48DE9145EA29}.Release|x64.ActiveCfg = Release|Any CPU
		{551CE1BF-61C1-4D8A-906C-48DE9145EA29}.Release|x64.Build.0 = Release|Any CPU
		{551CE1BF-61C1-4D8A-906C-48DE9145EA29}.Release|x86.ActiveCfg = Release|Any CPU
		{551CE1BF-61C1-4D8A-906C-48DE9145EA29}.Release|x86.Build.0 = Release|Any CPU
		{3942EBF4-F644-4C98-B459-1F19B6376F11}.Debug|Any CPU.ActiveCfg = Debug|Any CPU
		{3942EBF4-F644-4C98-B459-1F19B6376F11}.Debug|Any CPU.Build.0 = Debug|Any CPU
		{3942EBF4-F644-4C98-B459-1F19B6376F11}.Debug|x64.ActiveCfg = Debug|Any CPU
		{3942EBF4-F644-4C98-B459-1F19B6376F11}.Debug|x64.Build.0 = Debug|Any CPU
		{3942EBF4-F644-4C98-B459-1F19B6376F11}.Debug|x86.ActiveCfg = Debug|Any CPU
		{3942EBF4-F644-4C98-B459-1F19B6376F11}.Debug|x86.Build.0 = Debug|Any CPU
		{3942EBF4-F644-4C98-B459-1F19B6376F11}.Release|Any CPU.ActiveCfg = Release|Any CPU
		{3942EBF4-F644-4C98-B459-1F19B6376F11}.Release|Any CPU.Build.0 = Release|Any CPU
		{3942EBF4-F644-4C98-B459-1F19B6376F11}.Release|x64.ActiveCfg = Release|Any CPU
		{3942EBF4-F644-4C98-B459-1F19B6376F11}.Release|x64.Build.0 = Release|Any CPU
		{3942EBF4-F644-4C98-B459-1F19B6376F11}.Release|x86.ActiveCfg = Release|Any CPU
		{3942EBF4-F644-4C98-B459-1F19B6376F11}.Release|x86.Build.0 = Release|Any CPU
		{5B4A4C7A-5828-4F78-BD8A-E96AA0EA6E71}.Debug|Any CPU.ActiveCfg = Debug|Any CPU
		{5B4A4C7A-5828-4F78-BD8A-E96AA0EA6E71}.Debug|Any CPU.Build.0 = Debug|Any CPU
		{5B4A4C7A-5828-4F78-BD8A-E96AA0EA6E71}.Debug|x64.ActiveCfg = Debug|Any CPU
		{5B4A4C7A-5828-4F78-BD8A-E96AA0EA6E71}.Debug|x64.Build.0 = Debug|Any CPU
		{5B4A4C7A-5828-4F78-BD8A-E96AA0EA6E71}.Debug|x86.ActiveCfg = Debug|Any CPU
		{5B4A4C7A-5828-4F78-BD8A-E96AA0EA6E71}.Debug|x86.Build.0 = Debug|Any CPU
		{5B4A4C7A-5828-4F78-BD8A-E96AA0EA6E71}.Release|Any CPU.ActiveCfg = Release|Any CPU
		{5B4A4C7A-5828-4F78-BD8A-E96AA0EA6E71}.Release|Any CPU.Build.0 = Release|Any CPU
		{5B4A4C7A-5828-4F78-BD8A-E96AA0EA6E71}.Release|x64.ActiveCfg = Release|Any CPU
		{5B4A4C7A-5828-4F78-BD8A-E96AA0EA6E71}.Release|x64.Build.0 = Release|Any CPU
		{5B4A4C7A-5828-4F78-BD8A-E96AA0EA6E71}.Release|x86.ActiveCfg = Release|Any CPU
		{5B4A4C7A-5828-4F78-BD8A-E96AA0EA6E71}.Release|x86.Build.0 = Release|Any CPU
		{6BDA01A4-DDFE-476B-B58D-0339B36DD8AA}.Debug|Any CPU.ActiveCfg = Debug|Any CPU
		{6BDA01A4-DDFE-476B-B58D-0339B36DD8AA}.Debug|Any CPU.Build.0 = Debug|Any CPU
		{6BDA01A4-DDFE-476B-B58D-0339B36DD8AA}.Debug|x64.ActiveCfg = Debug|Any CPU
		{6BDA01A4-DDFE-476B-B58D-0339B36DD8AA}.Debug|x64.Build.0 = Debug|Any CPU
		{6BDA01A4-DDFE-476B-B58D-0339B36DD8AA}.Debug|x86.ActiveCfg = Debug|Any CPU
		{6BDA01A4-DDFE-476B-B58D-0339B36DD8AA}.Debug|x86.Build.0 = Debug|Any CPU
		{6BDA01A4-DDFE-476B-B58D-0339B36DD8AA}.Release|Any CPU.ActiveCfg = Release|Any CPU
		{6BDA01A4-DDFE-476B-B58D-0339B36DD8AA}.Release|Any CPU.Build.0 = Release|Any CPU
		{6BDA01A4-DDFE-476B-B58D-0339B36DD8AA}.Release|x64.ActiveCfg = Release|Any CPU
		{6BDA01A4-DDFE-476B-B58D-0339B36DD8AA}.Release|x64.Build.0 = Release|Any CPU
		{6BDA01A4-DDFE-476B-B58D-0339B36DD8AA}.Release|x86.ActiveCfg = Release|Any CPU
		{6BDA01A4-DDFE-476B-B58D-0339B36DD8AA}.Release|x86.Build.0 = Release|Any CPU
	EndGlobalSection
	GlobalSection(SolutionProperties) = preSolution
		HideSolutionNode = FALSE
	EndGlobalSection
	GlobalSection(NestedProjects) = preSolution
		{C67FE04A-5E85-4A36-AF00-46AC3A456ECC} = {25600B1C-BB18-43C1-8F49-6A6E1F3D6A0E}
		{A28C5B70-550D-4338-AEF4-8FD1534B0D3B} = {25600B1C-BB18-43C1-8F49-6A6E1F3D6A0E}
		{C8EDD982-C515-4EE4-9ADD-FD33C8CE5F8C} = {25600B1C-BB18-43C1-8F49-6A6E1F3D6A0E}
		{15E53CC7-91A3-4C71-BCE2-961A411B2900} = {25600B1C-BB18-43C1-8F49-6A6E1F3D6A0E}
		{87171372-695B-482D-8CAA-403E351F79F2} = {25600B1C-BB18-43C1-8F49-6A6E1F3D6A0E}
		{3785B716-013D-4BF7-888F-01D2B52CC31C} = {25600B1C-BB18-43C1-8F49-6A6E1F3D6A0E}
		{551CE1BF-61C1-4D8A-906C-48DE9145EA29} = {25600B1C-BB18-43C1-8F49-6A6E1F3D6A0E}
		{3942EBF4-F644-4C98-B459-1F19B6376F11} = {25600B1C-BB18-43C1-8F49-6A6E1F3D6A0E}
		{5B4A4C7A-5828-4F78-BD8A-E96AA0EA6E71} = {25600B1C-BB18-43C1-8F49-6A6E1F3D6A0E}
		{6BDA01A4-DDFE-476B-B58D-0339B36DD8AA} = {25600B1C-BB18-43C1-8F49-6A6E1F3D6A0E}
	EndGlobalSection
EndGlobal
